
Microsoft Visual Studio Solution File, Format Version 12.00
# Visual Studio Version 17
VisualStudioVersion = 17.8.34316.72
MinimumVisualStudioVersion = 10.0.40219.1
Project("{FAE04EC0-301F-11D3-BF4B-00C04F79EFBC}") = "TravelerBlog", "TravelerBlog\TravelerBlog.csproj", "{3FBD04BF-894E-4CF5-BE0B-C780B4DE6746}"
EndProject
Global
	GlobalSection(SolutionConfigurationPlatforms) = preSolution
		Debug|Any CPU = Debug|Any CPU
		Release|Any CPU = Release|Any CPU
	EndGlobalSection
	GlobalSection(ProjectConfigurationPlatforms) = postSolution
		{3FBD04BF-894E-4CF5-BE0B-C780B4DE6746}.Debug|Any CPU.ActiveCfg = Debug|Any CPU
		{3FBD04BF-894E-4CF5-BE0B-C780B4DE6746}.Debug|Any CPU.Build.0 = Debug|Any CPU
		{3FBD04BF-894E-4CF5-BE0B-C780B4DE6746}.Release|Any CPU.ActiveCfg = Release|Any CPU
		{3FBD04BF-894E-4CF5-BE0B-C780B4DE6746}.Release|Any CPU.Build.0 = Release|Any CPU
	EndGlobalSection
	GlobalSection(SolutionProperties) = preSolution
		HideSolutionNode = FALSE
	EndGlobalSection
	GlobalSection(ExtensibilityGlobals) = postSolution
		SolutionGuid = {C8EE3660-687D-4059-AC64-2E6D3E412C8F}
	EndGlobalSection
EndGlobal
